// !$*UTF8*$!
{
	archiveVersion = 1;
	classes = {
	};
	objectVersion = 46;
	objects = {

/* Begin PBXBuildFile section */
		600A12F91D6B4C8C0019CC21 /* NSString+path.m in Sources */ = {isa = PBXBuildFile; fileRef = 600A12F81D6B4C8C0019CC21 /* NSString+path.m */; };
		600A12FC1D6B53630019CC21 /* UIImageView+HMWibCache.m in Sources */ = {isa = PBXBuildFile; fileRef = 600A12FB1D6B53630019CC21 /* UIImageView+HMWibCache.m */; };
		600C18A21D6890BB00E60055 /* apps.json in Resources */ = {isa = PBXBuildFile; fileRef = 600C18A11D6890BB00E60055 /* apps.json */; };
		600C18A61D6893B100E60055 /* HMAppCell.m in Sources */ = {isa = PBXBuildFile; fileRef = 600C18A51D6893B100E60055 /* HMAppCell.m */; };
		600C18B61D68953A00E60055 /* AFHTTPSessionManager.m in Sources */ = {isa = PBXBuildFile; fileRef = 600C18AA1D68953A00E60055 /* AFHTTPSessionManager.m */; };
		600C18B71D68953A00E60055 /* AFNetworkReachabilityManager.m in Sources */ = {isa = PBXBuildFile; fileRef = 600C18AD1D68953A00E60055 /* AFNetworkReachabilityManager.m */; };
		600C18B81D68953A00E60055 /* AFSecurityPolicy.m in Sources */ = {isa = PBXBuildFile; fileRef = 600C18AF1D68953A00E60055 /* AFSecurityPolicy.m */; };
		600C18B91D68953A00E60055 /* AFURLRequestSerialization.m in Sources */ = {isa = PBXBuildFile; fileRef = 600C18B11D68953A00E60055 /* AFURLRequestSerialization.m */; };
		600C18BA1D68953A00E60055 /* AFURLResponseSerialization.m in Sources */ = {isa = PBXBuildFile; fileRef = 600C18B31D68953A00E60055 /* AFURLResponseSerialization.m */; };
		600C18BB1D68953A00E60055 /* AFURLSessionManager.m in Sources */ = {isa = PBXBuildFile; fileRef = 600C18B51D68953A00E60055 /* AFURLSessionManager.m */; };
		600C18DE1D68954300E60055 /* MKAnnotationView+WebCache.m in Sources */ = {isa = PBXBuildFile; fileRef = 600C18BE1D68954300E60055 /* MKAnnotationView+WebCache.m */; };
		600C18DF1D68954300E60055 /* NSData+ImageContentType.m in Sources */ = {isa = PBXBuildFile; fileRef = 600C18C01D68954300E60055 /* NSData+ImageContentType.m */; };
		600C18E01D68954300E60055 /* SDImageCache.m in Sources */ = {isa = PBXBuildFile; fileRef = 600C18C21D68954300E60055 /* SDImageCache.m */; };
		600C18E11D68954300E60055 /* SDWebImageCompat.m in Sources */ = {isa = PBXBuildFile; fileRef = 600C18C41D68954300E60055 /* SDWebImageCompat.m */; };
		600C18E21D68954300E60055 /* SDWebImageDecoder.m in Sources */ = {isa = PBXBuildFile; fileRef = 600C18C61D68954300E60055 /* SDWebImageDecoder.m */; };
		600C18E31D68954300E60055 /* SDWebImageDownloader.m in Sources */ = {isa = PBXBuildFile; fileRef = 600C18C81D68954300E60055 /* SDWebImageDownloader.m */; };
		600C18E41D68954300E60055 /* SDWebImageDownloaderOperation.m in Sources */ = {isa = PBXBuildFile; fileRef = 600C18CA1D68954300E60055 /* SDWebImageDownloaderOperation.m */; };
		600C18E51D68954300E60055 /* SDWebImageManager.m in Sources */ = {isa = PBXBuildFile; fileRef = 600C18CC1D68954300E60055 /* SDWebImageManager.m */; };
		600C18E61D68954300E60055 /* SDWebImagePrefetcher.m in Sources */ = {isa = PBXBuildFile; fileRef = 600C18CF1D68954300E60055 /* SDWebImagePrefetcher.m */; };
		600C18E71D68954300E60055 /* UIButton+WebCache.m in Sources */ = {isa = PBXBuildFile; fileRef = 600C18D11D68954300E60055 /* UIButton+WebCache.m */; };
		600C18E81D68954300E60055 /* UIImage+GIF.m in Sources */ = {isa = PBXBuildFile; fileRef = 600C18D31D68954300E60055 /* UIImage+GIF.m */; };
		600C18E91D68954300E60055 /* UIImage+MultiFormat.m in Sources */ = {isa = PBXBuildFile; fileRef = 600C18D51D68954300E60055 /* UIImage+MultiFormat.m */; };
		600C18EA1D68954300E60055 /* UIImage+WebP.m in Sources */ = {isa = PBXBuildFile; fileRef = 600C18D71D68954300E60055 /* UIImage+WebP.m */; };
		600C18EB1D68954300E60055 /* UIImageView+HighlightedWebCache.m in Sources */ = {isa = PBXBuildFile; fileRef = 600C18D91D68954300E60055 /* UIImageView+HighlightedWebCache.m */; };
		600C18EC1D68954300E60055 /* UIImageView+WebCache.m in Sources */ = {isa = PBXBuildFile; fileRef = 600C18DB1D68954300E60055 /* UIImageView+WebCache.m */; };
		600C18ED1D68954300E60055 /* UIView+WebCacheOperation.m in Sources */ = {isa = PBXBuildFile; fileRef = 600C18DD1D68954300E60055 /* UIView+WebCacheOperation.m */; };
		600C18F11D68980100E60055 /* HMAppModel.m in Sources */ = {isa = PBXBuildFile; fileRef = 600C18F01D68980100E60055 /* HMAppModel.m */; };
		600C19101D6898AE00E60055 /* NSArray+CZAddition.m in Sources */ = {isa = PBXBuildFile; fileRef = 600C18F61D6898AE00E60055 /* NSArray+CZAddition.m */; };
		600C19111D6898AE00E60055 /* NSArray+Log.m in Sources */ = {isa = PBXBuildFile; fileRef = 600C18F81D6898AE00E60055 /* NSArray+Log.m */; };
		600C19121D6898AE00E60055 /* NSAttributedString+CZAdditon.m in Sources */ = {isa = PBXBuildFile; fileRef = 600C18FA1D6898AE00E60055 /* NSAttributedString+CZAdditon.m */; };
		600C19131D6898AE00E60055 /* NSObject+CZAddition.m in Sources */ = {isa = PBXBuildFile; fileRef = 600C18FC1D6898AE00E60055 /* NSObject+CZAddition.m */; };
		600C19141D6898AE00E60055 /* UIButton+CZAddition.m in Sources */ = {isa = PBXBuildFile; fileRef = 600C18FE1D6898AE00E60055 /* UIButton+CZAddition.m */; };
		600C19151D6898AE00E60055 /* UIColor+CZAddition.m in Sources */ = {isa = PBXBuildFile; fileRef = 600C19001D6898AE00E60055 /* UIColor+CZAddition.m */; };
		600C19161D6898AE00E60055 /* UILabel+CZAddition.m in Sources */ = {isa = PBXBuildFile; fileRef = 600C19021D6898AE00E60055 /* UILabel+CZAddition.m */; };
		600C19171D6898AE00E60055 /* UIScreen+CZAddition.m in Sources */ = {isa = PBXBuildFile; fileRef = 600C19041D6898AE00E60055 /* UIScreen+CZAddition.m */; };
		600C19181D6898AE00E60055 /* UIView+CZAddition.m in Sources */ = {isa = PBXBuildFile; fileRef = 600C19061D6898AE00E60055 /* UIView+CZAddition.m */; };
		600C19191D6898AE00E60055 /* UIViewController+CZAddition.m in Sources */ = {isa = PBXBuildFile; fileRef = 600C19081D6898AE00E60055 /* UIViewController+CZAddition.m */; };
		600C191A1D6898AE00E60055 /* CZBaseControl.m in Sources */ = {isa = PBXBuildFile; fileRef = 600C190B1D6898AE00E60055 /* CZBaseControl.m */; };
		600C191B1D6898AE00E60055 /* CZBaseView.m in Sources */ = {isa = PBXBuildFile; fileRef = 600C190D1D6898AE00E60055 /* CZBaseView.m */; };
		600C191C1D6898AE00E60055 /* CZBaseViewController.m in Sources */ = {isa = PBXBuildFile; fileRef = 600C190F1D6898AE00E60055 /* CZBaseViewController.m */; };
		600C19201D68A01800E60055 /* HMDownloaderOperation.m in Sources */ = {isa = PBXBuildFile; fileRef = 600C191F1D68A01800E60055 /* HMDownloaderOperation.m */; };
		600FDB281D68874B0067FA6F /* main.m in Sources */ = {isa = PBXBuildFile; fileRef = 600FDB271D68874B0067FA6F /* main.m */; };
		600FDB2B1D68874B0067FA6F /* AppDelegate.m in Sources */ = {isa = PBXBuildFile; fileRef = 600FDB2A1D68874B0067FA6F /* AppDelegate.m */; };
		600FDB2E1D68874B0067FA6F /* ViewController.m in Sources */ = {isa = PBXBuildFile; fileRef = 600FDB2D1D68874B0067FA6F /* ViewController.m */; };
		600FDB311D68874B0067FA6F /* Main.storyboard in Resources */ = {isa = PBXBuildFile; fileRef = 600FDB2F1D68874B0067FA6F /* Main.storyboard */; };
		600FDB331D68874B0067FA6F /* Assets.xcassets in Resources */ = {isa = PBXBuildFile; fileRef = 600FDB321D68874B0067FA6F /* Assets.xcassets */; };
		600FDB361D68874B0067FA6F /* LaunchScreen.storyboard in Resources */ = {isa = PBXBuildFile; fileRef = 600FDB341D68874B0067FA6F /* LaunchScreen.storyboard */; };
		601003551D6B1C5B00EA1662 /* Info.plist in Resources */ = {isa = PBXBuildFile; fileRef = 6010033B1D6B1C5B00EA1662 /* Info.plist */; };
		601003561D6B1C5B00EA1662 /* MASCompositeConstraint.m in Sources */ = {isa = PBXBuildFile; fileRef = 6010033D1D6B1C5B00EA1662 /* MASCompositeConstraint.m */; };
		601003571D6B1C5B00EA1662 /* MASConstraint.m in Sources */ = {isa = PBXBuildFile; fileRef = 601003401D6B1C5B00EA1662 /* MASConstraint.m */; };
		601003581D6B1C5B00EA1662 /* MASConstraintMaker.m in Sources */ = {isa = PBXBuildFile; fileRef = 601003421D6B1C5B00EA1662 /* MASConstraintMaker.m */; };
		601003591D6B1C5B00EA1662 /* MASLayoutConstraint.m in Sources */ = {isa = PBXBuildFile; fileRef = 601003441D6B1C5B00EA1662 /* MASLayoutConstraint.m */; };
		6010035A1D6B1C5B00EA1662 /* MASViewAttribute.m in Sources */ = {isa = PBXBuildFile; fileRef = 601003481D6B1C5B00EA1662 /* MASViewAttribute.m */; };
		6010035B1D6B1C5B00EA1662 /* MASViewConstraint.m in Sources */ = {isa = PBXBuildFile; fileRef = 6010034A1D6B1C5B00EA1662 /* MASViewConstraint.m */; };
		6010035C1D6B1C5B00EA1662 /* NSArray+MASAdditions.m in Sources */ = {isa = PBXBuildFile; fileRef = 6010034C1D6B1C5B00EA1662 /* NSArray+MASAdditions.m */; };
		6010035D1D6B1C5B00EA1662 /* NSLayoutConstraint+MASDebugAdditions.m in Sources */ = {isa = PBXBuildFile; fileRef = 6010034F1D6B1C5B00EA1662 /* NSLayoutConstraint+MASDebugAdditions.m */; };
		6010035E1D6B1C5B00EA1662 /* View+MASAdditions.m in Sources */ = {isa = PBXBuildFile; fileRef = 601003511D6B1C5B00EA1662 /* View+MASAdditions.m */; };
		6010035F1D6B1C5B00EA1662 /* ViewController+MASAdditions.m in Sources */ = {isa = PBXBuildFile; fileRef = 601003541D6B1C5B00EA1662 /* ViewController+MASAdditions.m */; };
		601003621D6B230C00EA1662 /* HMDownloaderManager.m in Sources */ = {isa = PBXBuildFile; fileRef = 601003611D6B230C00EA1662 /* HMDownloaderManager.m */; };
/* End PBXBuildFile section */

/* Begin PBXFileReference section */
		600A12F71D6B4C8C0019CC21 /* NSString+path.h */ = {isa = PBXFileReference; fileEncoding = 4; lastKnownFileType = sourcecode.c.h; path = "NSString+path.h"; sourceTree = "<group>"; };
		600A12F81D6B4C8C0019CC21 /* NSString+path.m */ = {isa = PBXFileReference; fileEncoding = 4; lastKnownFileType = sourcecode.c.objc; path = "NSString+path.m"; sourceTree = "<group>"; };
		600A12FA1D6B53630019CC21 /* UIImageView+HMWibCache.h */ = {isa = PBXFileReference; fileEncoding = 4; lastKnownFileType = sourcecode.c.h; path = "UIImageView+HMWibCache.h"; sourceTree = "<group>"; };
		600A12FB1D6B53630019CC21 /* UIImageView+HMWibCache.m */ = {isa = PBXFileReference; fileEncoding = 4; lastKnownFileType = sourcecode.c.objc; path = "UIImageView+HMWibCache.m"; sourceTree = "<group>"; };
		600C18A11D6890BB00E60055 /* apps.json */ = {isa = PBXFileReference; fileEncoding = 4; lastKnownFileType = text.json; path = apps.json; sourceTree = "<group>"; };
		600C18A41D6893B100E60055 /* HMAppCell.h */ = {isa = PBXFileReference; fileEncoding = 4; lastKnownFileType = sourcecode.c.h; path = HMAppCell.h; sourceTree = "<group>"; };
		600C18A51D6893B100E60055 /* HMAppCell.m */ = {isa = PBXFileReference; fileEncoding = 4; lastKnownFileType = sourcecode.c.objc; path = HMAppCell.m; sourceTree = "<group>"; };
		600C18A91D68953A00E60055 /* AFHTTPSessionManager.h */ = {isa = PBXFileReference; fileEncoding = 4; lastKnownFileType = sourcecode.c.h; path = AFHTTPSessionManager.h; sourceTree = "<group>"; };
		600C18AA1D68953A00E60055 /* AFHTTPSessionManager.m */ = {isa = PBXFileReference; fileEncoding = 4; lastKnownFileType = sourcecode.c.objc; path = AFHTTPSessionManager.m; sourceTree = "<group>"; };
		600C18AB1D68953A00E60055 /* AFNetworking.h */ = {isa = PBXFileReference; fileEncoding = 4; lastKnownFileType = sourcecode.c.h; path = AFNetworking.h; sourceTree = "<group>"; };
		600C18AC1D68953A00E60055 /* AFNetworkReachabilityManager.h */ = {isa = PBXFileReference; fileEncoding = 4; lastKnownFileType = sourcecode.c.h; path = AFNetworkReachabilityManager.h; sourceTree = "<group>"; };
		600C18AD1D68953A00E60055 /* AFNetworkReachabilityManager.m */ = {isa = PBXFileReference; fileEncoding = 4; lastKnownFileType = sourcecode.c.objc; path = AFNetworkReachabilityManager.m; sourceTree = "<group>"; };
		600C18AE1D68953A00E60055 /* AFSecurityPolicy.h */ = {isa = PBXFileReference; fileEncoding = 4; lastKnownFileType = sourcecode.c.h; path = AFSecurityPolicy.h; sourceTree = "<group>"; };
		600C18AF1D68953A00E60055 /* AFSecurityPolicy.m */ = {isa = PBXFileReference; fileEncoding = 4; lastKnownFileType = sourcecode.c.objc; path = AFSecurityPolicy.m; sourceTree = "<group>"; };
		600C18B01D68953A00E60055 /* AFURLRequestSerialization.h */ = {isa = PBXFileReference; fileEncoding = 4; lastKnownFileType = sourcecode.c.h; path = AFURLRequestSerialization.h; sourceTree = "<group>"; };
		600C18B11D68953A00E60055 /* AFURLRequestSerialization.m */ = {isa = PBXFileReference; fileEncoding = 4; lastKnownFileType = sourcecode.c.objc; path = AFURLRequestSerialization.m; sourceTree = "<group>"; };
		600C18B21D68953A00E60055 /* AFURLResponseSerialization.h */ = {isa = PBXFileReference; fileEncoding = 4; lastKnownFileType = sourcecode.c.h; path = AFURLResponseSerialization.h; sourceTree = "<group>"; };
		600C18B31D68953A00E60055 /* AFURLResponseSerialization.m */ = {isa = PBXFileReference; fileEncoding = 4; lastKnownFileType = sourcecode.c.objc; path = AFURLResponseSerialization.m; sourceTree = "<group>"; };
		600C18B41D68953A00E60055 /* AFURLSessionManager.h */ = {isa = PBXFileReference; fileEncoding = 4; lastKnownFileType = sourcecode.c.h; path = AFURLSessionManager.h; sourceTree = "<group>"; };
		600C18B51D68953A00E60055 /* AFURLSessionManager.m */ = {isa = PBXFileReference; fileEncoding = 4; lastKnownFileType = sourcecode.c.objc; path = AFURLSessionManager.m; sourceTree = "<group>"; };
		600C18BD1D68954300E60055 /* MKAnnotationView+WebCache.h */ = {isa = PBXFileReference; fileEncoding = 4; lastKnownFileType = sourcecode.c.h; path = "MKAnnotationView+WebCache.h"; sourceTree = "<group>"; };
		600C18BE1D68954300E60055 /* MKAnnotationView+WebCache.m */ = {isa = PBXFileReference; fileEncoding = 4; lastKnownFileType = sourcecode.c.objc; path = "MKAnnotationView+WebCache.m"; sourceTree = "<group>"; };
		600C18BF1D68954300E60055 /* NSData+ImageContentType.h */ = {isa = PBXFileReference; fileEncoding = 4; lastKnownFileType = sourcecode.c.h; path = "NSData+ImageContentType.h"; sourceTree = "<group>"; };
		600C18C01D68954300E60055 /* NSData+ImageContentType.m */ = {isa = PBXFileReference; fileEncoding = 4; lastKnownFileType = sourcecode.c.objc; path = "NSData+ImageContentType.m"; sourceTree = "<group>"; };
		600C18C11D68954300E60055 /* SDImageCache.h */ = {isa = PBXFileReference; fileEncoding = 4; lastKnownFileType = sourcecode.c.h; path = SDImageCache.h; sourceTree = "<group>"; };
		600C18C21D68954300E60055 /* SDImageCache.m */ = {isa = PBXFileReference; fileEncoding = 4; lastKnownFileType = sourcecode.c.objc; path = SDImageCache.m; sourceTree = "<group>"; };
		600C18C31D68954300E60055 /* SDWebImageCompat.h */ = {isa = PBXFileReference; fileEncoding = 4; lastKnownFileType = sourcecode.c.h; path = SDWebImageCompat.h; sourceTree = "<group>"; };
		600C18C41D68954300E60055 /* SDWebImageCompat.m */ = {isa = PBXFileReference; fileEncoding = 4; lastKnownFileType = sourcecode.c.objc; path = SDWebImageCompat.m; sourceTree = "<group>"; };
		600C18C51D68954300E60055 /* SDWebImageDecoder.h */ = {isa = PBXFileReference; fileEncoding = 4; lastKnownFileType = sourcecode.c.h; path = SDWebImageDecoder.h; sourceTree = "<group>"; };
		600C18C61D68954300E60055 /* SDWebImageDecoder.m */ = {isa = PBXFileReference; fileEncoding = 4; lastKnownFileType = sourcecode.c.objc; path = SDWebImageDecoder.m; sourceTree = "<group>"; };
		600C18C71D68954300E60055 /* SDWebImageDownloader.h */ = {isa = PBXFileReference; fileEncoding = 4; lastKnownFileType = sourcecode.c.h; path = SDWebImageDownloader.h; sourceTree = "<group>"; };
		600C18C81D68954300E60055 /* SDWebImageDownloader.m */ = {isa = PBXFileReference; fileEncoding = 4; lastKnownFileType = sourcecode.c.objc; path = SDWebImageDownloader.m; sourceTree = "<group>"; };
		600C18C91D68954300E60055 /* SDWebImageDownloaderOperation.h */ = {isa = PBXFileReference; fileEncoding = 4; lastKnownFileType = sourcecode.c.h; path = SDWebImageDownloaderOperation.h; sourceTree = "<group>"; };
		600C18CA1D68954300E60055 /* SDWebImageDownloaderOperation.m */ = {isa = PBXFileReference; fileEncoding = 4; lastKnownFileType = sourcecode.c.objc; path = SDWebImageDownloaderOperation.m; sourceTree = "<group>"; };
		600C18CB1D68954300E60055 /* SDWebImageManager.h */ = {isa = PBXFileReference; fileEncoding = 4; lastKnownFileType = sourcecode.c.h; path = SDWebImageManager.h; sourceTree = "<group>"; };
		600C18CC1D68954300E60055 /* SDWebImageManager.m */ = {isa = PBXFileReference; fileEncoding = 4; lastKnownFileType = sourcecode.c.objc; path = SDWebImageManager.m; sourceTree = "<group>"; };
		600C18CD1D68954300E60055 /* SDWebImageOperation.h */ = {isa = PBXFileReference; fileEncoding = 4; lastKnownFileType = sourcecode.c.h; path = SDWebImageOperation.h; sourceTree = "<group>"; };
		600C18CE1D68954300E60055 /* SDWebImagePrefetcher.h */ = {isa = PBXFileReference; fileEncoding = 4; lastKnownFileType = sourcecode.c.h; path = SDWebImagePrefetcher.h; sourceTree = "<group>"; };
		600C18CF1D68954300E60055 /* SDWebImagePrefetcher.m */ = {isa = PBXFileReference; fileEncoding = 4; lastKnownFileType = sourcecode.c.objc; path = SDWebImagePrefetcher.m; sourceTree = "<group>"; };
		600C18D01D68954300E60055 /* UIButton+WebCache.h */ = {isa = PBXFileReference; fileEncoding = 4; lastKnownFileType = sourcecode.c.h; path = "UIButton+WebCache.h"; sourceTree = "<group>"; };
		600C18D11D68954300E60055 /* UIButton+WebCache.m */ = {isa = PBXFileReference; fileEncoding = 4; lastKnownFileType = sourcecode.c.objc; path = "UIButton+WebCache.m"; sourceTree = "<group>"; };
		600C18D21D68954300E60055 /* UIImage+GIF.h */ = {isa = PBXFileReference; fileEncoding = 4; lastKnownFileType = sourcecode.c.h; path = "UIImage+GIF.h"; sourceTree = "<group>"; };
		600C18D31D68954300E60055 /* UIImage+GIF.m */ = {isa = PBXFileReference; fileEncoding = 4; lastKnownFileType = sourcecode.c.objc; path = "UIImage+GIF.m"; sourceTree = "<group>"; };
		600C18D41D68954300E60055 /* UIImage+MultiFormat.h */ = {isa = PBXFileReference; fileEncoding = 4; lastKnownFileType = sourcecode.c.h; path = "UIImage+MultiFormat.h"; sourceTree = "<group>"; };
		600C18D51D68954300E60055 /* UIImage+MultiFormat.m */ = {isa = PBXFileReference; fileEncoding = 4; lastKnownFileType = sourcecode.c.objc; path = "UIImage+MultiFormat.m"; sourceTree = "<group>"; };
		600C18D61D68954300E60055 /* UIImage+WebP.h */ = {isa = PBXFileReference; fileEncoding = 4; lastKnownFileType = sourcecode.c.h; path = "UIImage+WebP.h"; sourceTree = "<group>"; };
		600C18D71D68954300E60055 /* UIImage+WebP.m */ = {isa = PBXFileReference; fileEncoding = 4; lastKnownFileType = sourcecode.c.objc; path = "UIImage+WebP.m"; sourceTree = "<group>"; };
		600C18D81D68954300E60055 /* UIImageView+HighlightedWebCache.h */ = {isa = PBXFileReference; fileEncoding = 4; lastKnownFileType = sourcecode.c.h; path = "UIImageView+HighlightedWebCache.h"; sourceTree = "<group>"; };
		600C18D91D68954300E60055 /* UIImageView+HighlightedWebCache.m */ = {isa = PBXFileReference; fileEncoding = 4; lastKnownFileType = sourcecode.c.objc; path = "UIImageView+HighlightedWebCache.m"; sourceTree = "<group>"; };
		600C18DA1D68954300E60055 /* UIImageView+WebCache.h */ = {isa = PBXFileReference; fileEncoding = 4; lastKnownFileType = sourcecode.c.h; path = "UIImageView+WebCache.h"; sourceTree = "<group>"; };
		600C18DB1D68954300E60055 /* UIImageView+WebCache.m */ = {isa = PBXFileReference; fileEncoding = 4; lastKnownFileType = sourcecode.c.objc; path = "UIImageView+WebCache.m"; sourceTree = "<group>"; };
		600C18DC1D68954300E60055 /* UIView+WebCacheOperation.h */ = {isa = PBXFileReference; fileEncoding = 4; lastKnownFileType = sourcecode.c.h; path = "UIView+WebCacheOperation.h"; sourceTree = "<group>"; };
		600C18DD1D68954300E60055 /* UIView+WebCacheOperation.m */ = {isa = PBXFileReference; fileEncoding = 4; lastKnownFileType = sourcecode.c.objc; path = "UIView+WebCacheOperation.m"; sourceTree = "<group>"; };
		600C18EF1D68980100E60055 /* HMAppModel.h */ = {isa = PBXFileReference; fileEncoding = 4; lastKnownFileType = sourcecode.c.h; path = HMAppModel.h; sourceTree = "<group>"; };
		600C18F01D68980100E60055 /* HMAppModel.m */ = {isa = PBXFileReference; fileEncoding = 4; lastKnownFileType = sourcecode.c.objc; path = HMAppModel.m; sourceTree = "<group>"; };
		600C18F41D6898AE00E60055 /* CZAdditions.h */ = {isa = PBXFileReference; fileEncoding = 4; lastKnownFileType = sourcecode.c.h; path = CZAdditions.h; sourceTree = "<group>"; };
		600C18F51D6898AE00E60055 /* NSArray+CZAddition.h */ = {isa = PBXFileReference; fileEncoding = 4; lastKnownFileType = sourcecode.c.h; path = "NSArray+CZAddition.h"; sourceTree = "<group>"; };
		600C18F61D6898AE00E60055 /* NSArray+CZAddition.m */ = {isa = PBXFileReference; fileEncoding = 4; lastKnownFileType = sourcecode.c.objc; path = "NSArray+CZAddition.m"; sourceTree = "<group>"; };
		600C18F71D6898AE00E60055 /* NSArray+Log.h */ = {isa = PBXFileReference; fileEncoding = 4; lastKnownFileType = sourcecode.c.h; path = "NSArray+Log.h"; sourceTree = "<group>"; };
		600C18F81D6898AE00E60055 /* NSArray+Log.m */ = {isa = PBXFileReference; fileEncoding = 4; lastKnownFileType = sourcecode.c.objc; path = "NSArray+Log.m"; sourceTree = "<group>"; };
		600C18F91D6898AE00E60055 /* NSAttributedString+CZAdditon.h */ = {isa = PBXFileReference; fileEncoding = 4; lastKnownFileType = sourcecode.c.h; path = "NSAttributedString+CZAdditon.h"; sourceTree = "<group>"; };
		600C18FA1D6898AE00E60055 /* NSAttributedString+CZAdditon.m */ = {isa = PBXFileReference; fileEncoding = 4; lastKnownFileType = sourcecode.c.objc; path = "NSAttributedString+CZAdditon.m"; sourceTree = "<group>"; };
		600C18FB1D6898AE00E60055 /* NSObject+CZAddition.h */ = {isa = PBXFileReference; fileEncoding = 4; lastKnownFileType = sourcecode.c.h; path = "NSObject+CZAddition.h"; sourceTree = "<group>"; };
		600C18FC1D6898AE00E60055 /* NSObject+CZAddition.m */ = {isa = PBXFileReference; fileEncoding = 4; lastKnownFileType = sourcecode.c.objc; path = "NSObject+CZAddition.m"; sourceTree = "<group>"; };
		600C18FD1D6898AE00E60055 /* UIButton+CZAddition.h */ = {isa = PBXFileReference; fileEncoding = 4; lastKnownFileType = sourcecode.c.h; path = "UIButton+CZAddition.h"; sourceTree = "<group>"; };
		600C18FE1D6898AE00E60055 /* UIButton+CZAddition.m */ = {isa = PBXFileReference; fileEncoding = 4; lastKnownFileType = sourcecode.c.objc; path = "UIButton+CZAddition.m"; sourceTree = "<group>"; };
		600C18FF1D6898AE00E60055 /* UIColor+CZAddition.h */ = {isa = PBXFileReference; fileEncoding = 4; lastKnownFileType = sourcecode.c.h; path = "UIColor+CZAddition.h"; sourceTree = "<group>"; };
		600C19001D6898AE00E60055 /* UIColor+CZAddition.m */ = {isa = PBXFileReference; fileEncoding = 4; lastKnownFileType = sourcecode.c.objc; path = "UIColor+CZAddition.m"; sourceTree = "<group>"; };
		600C19011D6898AE00E60055 /* UILabel+CZAddition.h */ = {isa = PBXFileReference; fileEncoding = 4; lastKnownFileType = sourcecode.c.h; path = "UILabel+CZAddition.h"; sourceTree = "<group>"; };
		600C19021D6898AE00E60055 /* UILabel+CZAddition.m */ = {isa = PBXFileReference; fileEncoding = 4; lastKnownFileType = sourcecode.c.objc; path = "UILabel+CZAddition.m"; sourceTree = "<group>"; };
		600C19031D6898AE00E60055 /* UIScreen+CZAddition.h */ = {isa = PBXFileReference; fileEncoding = 4; lastKnownFileType = sourcecode.c.h; path = "UIScreen+CZAddition.h"; sourceTree = "<group>"; };
		600C19041D6898AE00E60055 /* UIScreen+CZAddition.m */ = {isa = PBXFileReference; fileEncoding = 4; lastKnownFileType = sourcecode.c.objc; path = "UIScreen+CZAddition.m"; sourceTree = "<group>"; };
		600C19051D6898AE00E60055 /* UIView+CZAddition.h */ = {isa = PBXFileReference; fileEncoding = 4; lastKnownFileType = sourcecode.c.h; path = "UIView+CZAddition.h"; sourceTree = "<group>"; };
		600C19061D6898AE00E60055 /* UIView+CZAddition.m */ = {isa = PBXFileReference; fileEncoding = 4; lastKnownFileType = sourcecode.c.objc; path = "UIView+CZAddition.m"; sourceTree = "<group>"; };
		600C19071D6898AE00E60055 /* UIViewController+CZAddition.h */ = {isa = PBXFileReference; fileEncoding = 4; lastKnownFileType = sourcecode.c.h; path = "UIViewController+CZAddition.h"; sourceTree = "<group>"; };
		600C19081D6898AE00E60055 /* UIViewController+CZAddition.m */ = {isa = PBXFileReference; fileEncoding = 4; lastKnownFileType = sourcecode.c.objc; path = "UIViewController+CZAddition.m"; sourceTree = "<group>"; };
		600C190A1D6898AE00E60055 /* CZBaseControl.h */ = {isa = PBXFileReference; fileEncoding = 4; lastKnownFileType = sourcecode.c.h; path = CZBaseControl.h; sourceTree = "<group>"; };
		600C190B1D6898AE00E60055 /* CZBaseControl.m */ = {isa = PBXFileReference; fileEncoding = 4; lastKnownFileType = sourcecode.c.objc; path = CZBaseControl.m; sourceTree = "<group>"; };
		600C190C1D6898AE00E60055 /* CZBaseView.h */ = {isa = PBXFileReference; fileEncoding = 4; lastKnownFileType = sourcecode.c.h; path = CZBaseView.h; sourceTree = "<group>"; };
		600C190D1D6898AE00E60055 /* CZBaseView.m */ = {isa = PBXFileReference; fileEncoding = 4; lastKnownFileType = sourcecode.c.objc; path = CZBaseView.m; sourceTree = "<group>"; };
		600C190E1D6898AE00E60055 /* CZBaseViewController.h */ = {isa = PBXFileReference; fileEncoding = 4; lastKnownFileType = sourcecode.c.h; path = CZBaseViewController.h; sourceTree = "<group>"; };
		600C190F1D6898AE00E60055 /* CZBaseViewController.m */ = {isa = PBXFileReference; fileEncoding = 4; lastKnownFileType = sourcecode.c.objc; path = CZBaseViewController.m; sourceTree = "<group>"; };
		600C191E1D68A01800E60055 /* HMDownloaderOperation.h */ = {isa = PBXFileReference; fileEncoding = 4; lastKnownFileType = sourcecode.c.h; path = HMDownloaderOperation.h; sourceTree = "<group>"; };
		600C191F1D68A01800E60055 /* HMDownloaderOperation.m */ = {isa = PBXFileReference; fileEncoding = 4; lastKnownFileType = sourcecode.c.objc; path = HMDownloaderOperation.m; sourceTree = "<group>"; };
		600FDB231D68874B0067FA6F /* HMWebImage.app */ = {isa = PBXFileReference; explicitFileType = wrapper.application; includeInIndex = 0; path = HMWebImage.app; sourceTree = BUILT_PRODUCTS_DIR; };
		600FDB271D68874B0067FA6F /* main.m */ = {isa = PBXFileReference; lastKnownFileType = sourcecode.c.objc; path = main.m; sourceTree = "<group>"; };
		600FDB291D68874B0067FA6F /* AppDelegate.h */ = {isa = PBXFileReference; lastKnownFileType = sourcecode.c.h; path = AppDelegate.h; sourceTree = "<group>"; };
		600FDB2A1D68874B0067FA6F /* AppDelegate.m */ = {isa = PBXFileReference; lastKnownFileType = sourcecode.c.objc; path = AppDelegate.m; sourceTree = "<group>"; };
		600FDB2C1D68874B0067FA6F /* ViewController.h */ = {isa = PBXFileReference; lastKnownFileType = sourcecode.c.h; path = ViewController.h; sourceTree = "<group>"; };
		600FDB2D1D68874B0067FA6F /* ViewController.m */ = {isa = PBXFileReference; lastKnownFileType = sourcecode.c.objc; path = ViewController.m; sourceTree = "<group>"; };
		600FDB301D68874B0067FA6F /* Base */ = {isa = PBXFileReference; lastKnownFileType = file.storyboard; name = Base; path = Base.lproj/Main.storyboard; sourceTree = "<group>"; };
		600FDB321D68874B0067FA6F /* Assets.xcassets */ = {isa = PBXFileReference; lastKnownFileType = folder.assetcatalog; path = Assets.xcassets; sourceTree = "<group>"; };
		600FDB351D68874B0067FA6F /* Base */ = {isa = PBXFileReference; lastKnownFileType = file.storyboard; name = Base; path = Base.lproj/LaunchScreen.storyboard; sourceTree = "<group>"; };
		600FDB371D68874B0067FA6F /* Info.plist */ = {isa = PBXFileReference; lastKnownFileType = text.plist.xml; path = Info.plist; sourceTree = "<group>"; };
		6010033B1D6B1C5B00EA1662 /* Info.plist */ = {isa = PBXFileReference; fileEncoding = 4; lastKnownFileType = text.plist.xml; path = Info.plist; sourceTree = "<group>"; };
		6010033C1D6B1C5B00EA1662 /* MASCompositeConstraint.h */ = {isa = PBXFileReference; fileEncoding = 4; lastKnownFileType = sourcecode.c.h; path = MASCompositeConstraint.h; sourceTree = "<group>"; };
		6010033D1D6B1C5B00EA1662 /* MASCompositeConstraint.m */ = {isa = PBXFileReference; fileEncoding = 4; lastKnownFileType = sourcecode.c.objc; path = MASCompositeConstraint.m; sourceTree = "<group>"; };
		6010033E1D6B1C5B00EA1662 /* MASConstraint+Private.h */ = {isa = PBXFileReference; fileEncoding = 4; lastKnownFileType = sourcecode.c.h; path = "MASConstraint+Private.h"; sourceTree = "<group>"; };
		6010033F1D6B1C5B00EA1662 /* MASConstraint.h */ = {isa = PBXFileReference; fileEncoding = 4; lastKnownFileType = sourcecode.c.h; path = MASConstraint.h; sourceTree = "<group>"; };
		601003401D6B1C5B00EA1662 /* MASConstraint.m */ = {isa = PBXFileReference; fileEncoding = 4; lastKnownFileType = sourcecode.c.objc; path = MASConstraint.m; sourceTree = "<group>"; };
		601003411D6B1C5B00EA1662 /* MASConstraintMaker.h */ = {isa = PBXFileReference; fileEncoding = 4; lastKnownFileType = sourcecode.c.h; path = MASConstraintMaker.h; sourceTree = "<group>"; };
		601003421D6B1C5B00EA1662 /* MASConstraintMaker.m */ = {isa = PBXFileReference; fileEncoding = 4; lastKnownFileType = sourcecode.c.objc; path = MASConstraintMaker.m; sourceTree = "<group>"; };
		601003431D6B1C5B00EA1662 /* MASLayoutConstraint.h */ = {isa = PBXFileReference; fileEncoding = 4; lastKnownFileType = sourcecode.c.h; path = MASLayoutConstraint.h; sourceTree = "<group>"; };
		601003441D6B1C5B00EA1662 /* MASLayoutConstraint.m */ = {isa = PBXFileReference; fileEncoding = 4; lastKnownFileType = sourcecode.c.objc; path = MASLayoutConstraint.m; sourceTree = "<group>"; };
		601003451D6B1C5B00EA1662 /* Masonry.h */ = {isa = PBXFileReference; fileEncoding = 4; lastKnownFileType = sourcecode.c.h; path = Masonry.h; sourceTree = "<group>"; };
		601003461D6B1C5B00EA1662 /* MASUtilities.h */ = {isa = PBXFileReference; fileEncoding = 4; lastKnownFileType = sourcecode.c.h; path = MASUtilities.h; sourceTree = "<group>"; };
		601003471D6B1C5B00EA1662 /* MASViewAttribute.h */ = {isa = PBXFileReference; fileEncoding = 4; lastKnownFileType = sourcecode.c.h; path = MASViewAttribute.h; sourceTree = "<group>"; };
		601003481D6B1C5B00EA1662 /* MASViewAttribute.m */ = {isa = PBXFileReference; fileEncoding = 4; lastKnownFileType = sourcecode.c.objc; path = MASViewAttribute.m; sourceTree = "<group>"; };
		601003491D6B1C5B00EA1662 /* MASViewConstraint.h */ = {isa = PBXFileReference; fileEncoding = 4; lastKnownFileType = sourcecode.c.h; path = MASViewConstraint.h; sourceTree = "<group>"; };
		6010034A1D6B1C5B00EA1662 /* MASViewConstraint.m */ = {isa = PBXFileReference; fileEncoding = 4; lastKnownFileType = sourcecode.c.objc; path = MASViewConstraint.m; sourceTree = "<group>"; };
		6010034B1D6B1C5B00EA1662 /* NSArray+MASAdditions.h */ = {isa = PBXFileReference; fileEncoding = 4; lastKnownFileType = sourcecode.c.h; path = "NSArray+MASAdditions.h"; sourceTree = "<group>"; };
		6010034C1D6B1C5B00EA1662 /* NSArray+MASAdditions.m */ = {isa = PBXFileReference; fileEncoding = 4; lastKnownFileType = sourcecode.c.objc; path = "NSArray+MASAdditions.m"; sourceTree = "<group>"; };
		6010034D1D6B1C5B00EA1662 /* NSArray+MASShorthandAdditions.h */ = {isa = PBXFileReference; fileEncoding = 4; lastKnownFileType = sourcecode.c.h; path = "NSArray+MASShorthandAdditions.h"; sourceTree = "<group>"; };
		6010034E1D6B1C5B00EA1662 /* NSLayoutConstraint+MASDebugAdditions.h */ = {isa = PBXFileReference; fileEncoding = 4; lastKnownFileType = sourcecode.c.h; path = "NSLayoutConstraint+MASDebugAdditions.h"; sourceTree = "<group>"; };
		6010034F1D6B1C5B00EA1662 /* NSLayoutConstraint+MASDebugAdditions.m */ = {isa = PBXFileReference; fileEncoding = 4; lastKnownFileType = sourcecode.c.objc; path = "NSLayoutConstraint+MASDebugAdditions.m"; sourceTree = "<group>"; };
		601003501D6B1C5B00EA1662 /* View+MASAdditions.h */ = {isa = PBXFileReference; fileEncoding = 4; lastKnownFileType = sourcecode.c.h; path = "View+MASAdditions.h"; sourceTree = "<group>"; };
		601003511D6B1C5B00EA1662 /* View+MASAdditions.m */ = {isa = PBXFileReference; fileEncoding = 4; lastKnownFileType = sourcecode.c.objc; path = "View+MASAdditions.m"; sourceTree = "<group>"; };
		601003521D6B1C5B00EA1662 /* View+MASShorthandAdditions.h */ = {isa = PBXFileReference; fileEncoding = 4; lastKnownFileType = sourcecode.c.h; path = "View+MASShorthandAdditions.h"; sourceTree = "<group>"; };
		601003531D6B1C5B00EA1662 /* ViewController+MASAdditions.h */ = {isa = PBXFileReference; fileEncoding = 4; lastKnownFileType = sourcecode.c.h; path = "ViewController+MASAdditions.h"; sourceTree = "<group>"; };
		601003541D6B1C5B00EA1662 /* ViewController+MASAdditions.m */ = {isa = PBXFileReference; fileEncoding = 4; lastKnownFileType = sourcecode.c.objc; path = "ViewController+MASAdditions.m"; sourceTree = "<group>"; };
		601003601D6B230C00EA1662 /* HMDownloaderManager.h */ = {isa = PBXFileReference; fileEncoding = 4; lastKnownFileType = sourcecode.c.h; path = HMDownloaderManager.h; sourceTree = "<group>"; };
		601003611D6B230C00EA1662 /* HMDownloaderManager.m */ = {isa = PBXFileReference; fileEncoding = 4; lastKnownFileType = sourcecode.c.objc; path = HMDownloaderManager.m; sourceTree = "<group>"; };
/* End PBXFileReference section */

/* Begin PBXFrameworksBuildPhase section */
		600FDB201D68874B0067FA6F /* Frameworks */ = {
			isa = PBXFrameworksBuildPhase;
			buildActionMask = 2147483647;
			files = (
			);
			runOnlyForDeploymentPostprocessing = 0;
		};
/* End PBXFrameworksBuildPhase section */

/* Begin PBXGroup section */
		600C18A31D68937600E60055 /* VIew */ = {
			isa = PBXGroup;
			children = (
				600C18A41D6893B100E60055 /* HMAppCell.h */,
				600C18A51D6893B100E60055 /* HMAppCell.m */,
			);
			name = VIew;
			sourceTree = "<group>";
		};
		600C18A71D68952A00E60055 /* ThirdLib */ = {
			isa = PBXGroup;
			children = (
				600C18BC1D68954300E60055 /* SDWebImage */,
				600C18A81D68953A00E60055 /* AFNetworking */,
			);
			name = ThirdLib;
			sourceTree = "<group>";
		};
		600C18A81D68953A00E60055 /* AFNetworking */ = {
			isa = PBXGroup;
			children = (
				600C18A91D68953A00E60055 /* AFHTTPSessionManager.h */,
				600C18AA1D68953A00E60055 /* AFHTTPSessionManager.m */,
				600C18AB1D68953A00E60055 /* AFNetworking.h */,
				600C18AC1D68953A00E60055 /* AFNetworkReachabilityManager.h */,
				600C18AD1D68953A00E60055 /* AFNetworkReachabilityManager.m */,
				600C18AE1D68953A00E60055 /* AFSecurityPolicy.h */,
				600C18AF1D68953A00E60055 /* AFSecurityPolicy.m */,
				600C18B01D68953A00E60055 /* AFURLRequestSerialization.h */,
				600C18B11D68953A00E60055 /* AFURLRequestSerialization.m */,
				600C18B21D68953A00E60055 /* AFURLResponseSerialization.h */,
				600C18B31D68953A00E60055 /* AFURLResponseSerialization.m */,
				600C18B41D68953A00E60055 /* AFURLSessionManager.h */,
				600C18B51D68953A00E60055 /* AFURLSessionManager.m */,
			);
			path = AFNetworking;
			sourceTree = "<group>";
		};
		600C18BC1D68954300E60055 /* SDWebImage */ = {
			isa = PBXGroup;
			children = (
				600C18BD1D68954300E60055 /* MKAnnotationView+WebCache.h */,
				600C18BE1D68954300E60055 /* MKAnnotationView+WebCache.m */,
				600C18BF1D68954300E60055 /* NSData+ImageContentType.h */,
				600C18C01D68954300E60055 /* NSData+ImageContentType.m */,
				600C18C11D68954300E60055 /* SDImageCache.h */,
				600C18C21D68954300E60055 /* SDImageCache.m */,
				600C18C31D68954300E60055 /* SDWebImageCompat.h */,
				600C18C41D68954300E60055 /* SDWebImageCompat.m */,
				600C18C51D68954300E60055 /* SDWebImageDecoder.h */,
				600C18C61D68954300E60055 /* SDWebImageDecoder.m */,
				600C18C71D68954300E60055 /* SDWebImageDownloader.h */,
				600C18C81D68954300E60055 /* SDWebImageDownloader.m */,
				600C18C91D68954300E60055 /* SDWebImageDownloaderOperation.h */,
				600C18CA1D68954300E60055 /* SDWebImageDownloaderOperation.m */,
				600C18CB1D68954300E60055 /* SDWebImageManager.h */,
				600C18CC1D68954300E60055 /* SDWebImageManager.m */,
				600C18CD1D68954300E60055 /* SDWebImageOperation.h */,
				600C18CE1D68954300E60055 /* SDWebImagePrefetcher.h */,
				600C18CF1D68954300E60055 /* SDWebImagePrefetcher.m */,
				600C18D01D68954300E60055 /* UIButton+WebCache.h */,
				600C18D11D68954300E60055 /* UIButton+WebCache.m */,
				600C18D21D68954300E60055 /* UIImage+GIF.h */,
				600C18D31D68954300E60055 /* UIImage+GIF.m */,
				600C18D41D68954300E60055 /* UIImage+MultiFormat.h */,
				600C18D51D68954300E60055 /* UIImage+MultiFormat.m */,
				600C18D61D68954300E60055 /* UIImage+WebP.h */,
				600C18D71D68954300E60055 /* UIImage+WebP.m */,
				600C18D81D68954300E60055 /* UIImageView+HighlightedWebCache.h */,
				600C18D91D68954300E60055 /* UIImageView+HighlightedWebCache.m */,
				600C18DA1D68954300E60055 /* UIImageView+WebCache.h */,
				600C18DB1D68954300E60055 /* UIImageView+WebCache.m */,
				600C18DC1D68954300E60055 /* UIView+WebCacheOperation.h */,
				600C18DD1D68954300E60055 /* UIView+WebCacheOperation.m */,
			);
			path = SDWebImage;
			sourceTree = "<group>";
		};
		600C18EE1D6897E000E60055 /* Model */ = {
			isa = PBXGroup;
			children = (
				600C18EF1D68980100E60055 /* HMAppModel.h */,
				600C18F01D68980100E60055 /* HMAppModel.m */,
			);
			name = Model;
			sourceTree = "<group>";
		};
		600C18F21D6898AE00E60055 /* Tools */ = {
			isa = PBXGroup;
			children = (
				600C18F31D6898AE00E60055 /* Additions */,
				600C19091D6898AE00E60055 /* Base */,
			);
			path = Tools;
			sourceTree = "<group>";
		};
		600C18F31D6898AE00E60055 /* Additions */ = {
			isa = PBXGroup;
			children = (
				600C18F41D6898AE00E60055 /* CZAdditions.h */,
				600C18F51D6898AE00E60055 /* NSArray+CZAddition.h */,
				600C18F61D6898AE00E60055 /* NSArray+CZAddition.m */,
				600C18F71D6898AE00E60055 /* NSArray+Log.h */,
				600C18F81D6898AE00E60055 /* NSArray+Log.m */,
				600C18F91D6898AE00E60055 /* NSAttributedString+CZAdditon.h */,
				600C18FA1D6898AE00E60055 /* NSAttributedString+CZAdditon.m */,
				600C18FB1D6898AE00E60055 /* NSObject+CZAddition.h */,
				600C18FC1D6898AE00E60055 /* NSObject+CZAddition.m */,
				600C18FD1D6898AE00E60055 /* UIButton+CZAddition.h */,
				600C18FE1D6898AE00E60055 /* UIButton+CZAddition.m */,
				600C18FF1D6898AE00E60055 /* UIColor+CZAddition.h */,
				600C19001D6898AE00E60055 /* UIColor+CZAddition.m */,
				600C19011D6898AE00E60055 /* UILabel+CZAddition.h */,
				600C19021D6898AE00E60055 /* UILabel+CZAddition.m */,
				600C19031D6898AE00E60055 /* UIScreen+CZAddition.h */,
				600C19041D6898AE00E60055 /* UIScreen+CZAddition.m */,
				600C19051D6898AE00E60055 /* UIView+CZAddition.h */,
				600C19061D6898AE00E60055 /* UIView+CZAddition.m */,
				600C19071D6898AE00E60055 /* UIViewController+CZAddition.h */,
				600C19081D6898AE00E60055 /* UIViewController+CZAddition.m */,
			);
			path = Additions;
			sourceTree = "<group>";
		};
		600C19091D6898AE00E60055 /* Base */ = {
			isa = PBXGroup;
			children = (
				600C190A1D6898AE00E60055 /* CZBaseControl.h */,
				600C190B1D6898AE00E60055 /* CZBaseControl.m */,
				600C190C1D6898AE00E60055 /* CZBaseView.h */,
				600C190D1D6898AE00E60055 /* CZBaseView.m */,
				600C190E1D6898AE00E60055 /* CZBaseViewController.h */,
				600C190F1D6898AE00E60055 /* CZBaseViewController.m */,
			);
			path = Base;
			sourceTree = "<group>";
		};
		600C191D1D689FA700E60055 /* HMWebImage */ = {
			isa = PBXGroup;
			children = (
				600A12F71D6B4C8C0019CC21 /* NSString+path.h */,
				600A12F81D6B4C8C0019CC21 /* NSString+path.m */,
				600C191E1D68A01800E60055 /* HMDownloaderOperation.h */,
				600C191F1D68A01800E60055 /* HMDownloaderOperation.m */,
				601003601D6B230C00EA1662 /* HMDownloaderManager.h */,
				601003611D6B230C00EA1662 /* HMDownloaderManager.m */,
				600A12FA1D6B53630019CC21 /* UIImageView+HMWibCache.h */,
				600A12FB1D6B53630019CC21 /* UIImageView+HMWibCache.m */,
			);
			name = HMWebImage;
			sourceTree = "<group>";
		};
		600FDB1A1D68874B0067FA6F = {
			isa = PBXGroup;
			children = (
				600FDB251D68874B0067FA6F /* HMWebImage */,
				600FDB241D68874B0067FA6F /* Products */,
			);
			sourceTree = "<group>";
		};
		600FDB241D68874B0067FA6F /* Products */ = {
			isa = PBXGroup;
			children = (
				600FDB231D68874B0067FA6F /* HMWebImage.app */,
			);
			name = Products;
			sourceTree = "<group>";
		};
		600FDB251D68874B0067FA6F /* HMWebImage */ = {
			isa = PBXGroup;
			children = (
				6010033A1D6B1C5B00EA1662 /* Masonry */,
				600C191D1D689FA700E60055 /* HMWebImage */,
				600C18F21D6898AE00E60055 /* Tools */,
				600C18A71D68952A00E60055 /* ThirdLib */,
				600C18A31D68937600E60055 /* VIew */,
				600C18EE1D6897E000E60055 /* Model */,
				600FDB291D68874B0067FA6F /* AppDelegate.h */,
				600FDB2A1D68874B0067FA6F /* AppDelegate.m */,
				600FDB2C1D68874B0067FA6F /* ViewController.h */,
				600FDB2D1D68874B0067FA6F /* ViewController.m */,
				600FDB2F1D68874B0067FA6F /* Main.storyboard */,
				600FDB321D68874B0067FA6F /* Assets.xcassets */,
				600FDB341D68874B0067FA6F /* LaunchScreen.storyboard */,
				600FDB371D68874B0067FA6F /* Info.plist */,
				600FDB261D68874B0067FA6F /* Supporting Files */,
			);
			path = HMWebImage;
			sourceTree = "<group>";
		};
		600FDB261D68874B0067FA6F /* Supporting Files */ = {
			isa = PBXGroup;
			children = (
				600C18A11D6890BB00E60055 /* apps.json */,
				600FDB271D68874B0067FA6F /* main.m */,
			);
			name = "Supporting Files";
			sourceTree = "<group>";
		};
		6010033A1D6B1C5B00EA1662 /* Masonry */ = {
			isa = PBXGroup;
			children = (
				6010033B1D6B1C5B00EA1662 /* Info.plist */,
				6010033C1D6B1C5B00EA1662 /* MASCompositeConstraint.h */,
				6010033D1D6B1C5B00EA1662 /* MASCompositeConstraint.m */,
				6010033E1D6B1C5B00EA1662 /* MASConstraint+Private.h */,
				6010033F1D6B1C5B00EA1662 /* MASConstraint.h */,
				601003401D6B1C5B00EA1662 /* MASConstraint.m */,
				601003411D6B1C5B00EA1662 /* MASConstraintMaker.h */,
				601003421D6B1C5B00EA1662 /* MASConstraintMaker.m */,
				601003431D6B1C5B00EA1662 /* MASLayoutConstraint.h */,
				601003441D6B1C5B00EA1662 /* MASLayoutConstraint.m */,
				601003451D6B1C5B00EA1662 /* Masonry.h */,
				601003461D6B1C5B00EA1662 /* MASUtilities.h */,
				601003471D6B1C5B00EA1662 /* MASViewAttribute.h */,
				601003481D6B1C5B00EA1662 /* MASViewAttribute.m */,
				601003491D6B1C5B00EA1662 /* MASViewConstraint.h */,
				6010034A1D6B1C5B00EA1662 /* MASViewConstraint.m */,
				6010034B1D6B1C5B00EA1662 /* NSArray+MASAdditions.h */,
				6010034C1D6B1C5B00EA1662 /* NSArray+MASAdditions.m */,
				6010034D1D6B1C5B00EA1662 /* NSArray+MASShorthandAdditions.h */,
				6010034E1D6B1C5B00EA1662 /* NSLayoutConstraint+MASDebugAdditions.h */,
				6010034F1D6B1C5B00EA1662 /* NSLayoutConstraint+MASDebugAdditions.m */,
				601003501D6B1C5B00EA1662 /* View+MASAdditions.h */,
				601003511D6B1C5B00EA1662 /* View+MASAdditions.m */,
				601003521D6B1C5B00EA1662 /* View+MASShorthandAdditions.h */,
				601003531D6B1C5B00EA1662 /* ViewController+MASAdditions.h */,
				601003541D6B1C5B00EA1662 /* ViewController+MASAdditions.m */,
			);
			path = Masonry;
			sourceTree = "<group>";
		};
/* End PBXGroup section */

/* Begin PBXNativeTarget section */
		600FDB221D68874B0067FA6F /* HMWebImage */ = {
			isa = PBXNativeTarget;
			buildConfigurationList = 600FDB3A1D68874B0067FA6F /* Build configuration list for PBXNativeTarget "HMWebImage" */;
			buildPhases = (
				600FDB1F1D68874B0067FA6F /* Sources */,
				600FDB201D68874B0067FA6F /* Frameworks */,
				600FDB211D68874B0067FA6F /* Resources */,
			);
			buildRules = (
			);
			dependencies = (
			);
			name = HMWebImage;
			productName = HMWebImage;
			productReference = 600FDB231D68874B0067FA6F /* HMWebImage.app */;
			productType = "com.apple.product-type.application";
		};
/* End PBXNativeTarget section */

/* Begin PBXProject section */
		600FDB1B1D68874B0067FA6F /* Project object */ = {
			isa = PBXProject;
			attributes = {
				LastUpgradeCheck = 0730;
				ORGANIZATIONNAME = geduo;
				TargetAttributes = {
					600FDB221D68874B0067FA6F = {
						CreatedOnToolsVersion = 7.3.1;
					};
				};
			};
			buildConfigurationList = 600FDB1E1D68874B0067FA6F /* Build configuration list for PBXProject "HMWebImage" */;
			compatibilityVersion = "Xcode 3.2";
			developmentRegion = English;
			hasScannedForEncodings = 0;
			knownRegions = (
				en,
				Base,
			);
			mainGroup = 600FDB1A1D68874B0067FA6F;
			productRefGroup = 600FDB241D68874B0067FA6F /* Products */;
			projectDirPath = "";
			projectRoot = "";
			targets = (
				600FDB221D68874B0067FA6F /* HMWebImage */,
			);
		};
/* End PBXProject section */

/* Begin PBXResourcesBuildPhase section */
		600FDB211D68874B0067FA6F /* Resources */ = {
			isa = PBXResourcesBuildPhase;
			buildActionMask = 2147483647;
			files = (
				600FDB361D68874B0067FA6F /* LaunchScreen.storyboard in Resources */,
				600C18A21D6890BB00E60055 /* apps.json in Resources */,
				600FDB331D68874B0067FA6F /* Assets.xcassets in Resources */,
				601003551D6B1C5B00EA1662 /* Info.plist in Resources */,
				600FDB311D68874B0067FA6F /* Main.storyboard in Resources */,
			);
			runOnlyForDeploymentPostprocessing = 0;
		};
/* End PBXResourcesBuildPhase section */

/* Begin PBXSourcesBuildPhase section */
		600FDB1F1D68874B0067FA6F /* Sources */ = {
			isa = PBXSourcesBuildPhase;
			buildActionMask = 2147483647;
			files = (
				600C18B81D68953A00E60055 /* AFSecurityPolicy.m in Sources */,
				600C18DE1D68954300E60055 /* MKAnnotationView+WebCache.m in Sources */,
				6010035D1D6B1C5B00EA1662 /* NSLayoutConstraint+MASDebugAdditions.m in Sources */,
				600C19201D68A01800E60055 /* HMDownloaderOperation.m in Sources */,
				600C19121D6898AE00E60055 /* NSAttributedString+CZAdditon.m in Sources */,
				600C19161D6898AE00E60055 /* UILabel+CZAddition.m in Sources */,
				6010035A1D6B1C5B00EA1662 /* MASViewAttribute.m in Sources */,
				601003621D6B230C00EA1662 /* HMDownloaderManager.m in Sources */,
				600C18BA1D68953A00E60055 /* AFURLResponseSerialization.m in Sources */,
				6010035E1D6B1C5B00EA1662 /* View+MASAdditions.m in Sources */,
				600C18E61D68954300E60055 /* SDWebImagePrefetcher.m in Sources */,
				601003591D6B1C5B00EA1662 /* MASLayoutConstraint.m in Sources */,
				600C18E51D68954300E60055 /* SDWebImageManager.m in Sources */,
				600C18A61D6893B100E60055 /* HMAppCell.m in Sources */,
				601003581D6B1C5B00EA1662 /* MASConstraintMaker.m in Sources */,
				600A12FC1D6B53630019CC21 /* UIImageView+HMWibCache.m in Sources */,
				600FDB2E1D68874B0067FA6F /* ViewController.m in Sources */,
				601003571D6B1C5B00EA1662 /* MASConstraint.m in Sources */,
				601003561D6B1C5B00EA1662 /* MASCompositeConstraint.m in Sources */,
				6010035B1D6B1C5B00EA1662 /* MASViewConstraint.m in Sources */,
				600C18EC1D68954300E60055 /* UIImageView+WebCache.m in Sources */,
				600C18E11D68954300E60055 /* SDWebImageCompat.m in Sources */,
				600C18B61D68953A00E60055 /* AFHTTPSessionManager.m in Sources */,
				600C18E21D68954300E60055 /* SDWebImageDecoder.m in Sources */,
				600C19131D6898AE00E60055 /* NSObject+CZAddition.m in Sources */,
				600C19191D6898AE00E60055 /* UIViewController+CZAddition.m in Sources */,
				600C18E91D68954300E60055 /* UIImage+MultiFormat.m in Sources */,
				600C19181D6898AE00E60055 /* UIView+CZAddition.m in Sources */,
				600C18EA1D68954300E60055 /* UIImage+WebP.m in Sources */,
				600C18E41D68954300E60055 /* SDWebImageDownloaderOperation.m in Sources */,
				600C18ED1D68954300E60055 /* UIView+WebCacheOperation.m in Sources */,
				600C18E31D68954300E60055 /* SDWebImageDownloader.m in Sources */,
				600C18E81D68954300E60055 /* UIImage+GIF.m in Sources */,
				600C191B1D6898AE00E60055 /* CZBaseView.m in Sources */,
				6010035F1D6B1C5B00EA1662 /* ViewController+MASAdditions.m in Sources */,
				600C18BB1D68953A00E60055 /* AFURLSessionManager.m in Sources */,
				600C191C1D6898AE00E60055 /* CZBaseViewController.m in Sources */,
				600FDB2B1D68874B0067FA6F /* AppDelegate.m in Sources */,
				600C19101D6898AE00E60055 /* NSArray+CZAddition.m in Sources */,
				600C18B71D68953A00E60055 /* AFNetworkReachabilityManager.m in Sources */,
				600C18EB1D68954300E60055 /* UIImageView+HighlightedWebCache.m in Sources */,
				600A12F91D6B4C8C0019CC21 /* NSString+path.m in Sources */,
				600C19171D6898AE00E60055 /* UIScreen+CZAddition.m in Sources */,
				600FDB281D68874B0067FA6F /* main.m in Sources */,
				600C18F11D68980100E60055 /* HMAppModel.m in Sources */,
				600C18E01D68954300E60055 /* SDImageCache.m in Sources */,
				600C18E71D68954300E60055 /* UIButton+WebCache.m in Sources */,
				600C18DF1D68954300E60055 /* NSData+ImageContentType.m in Sources */,
				600C191A1D6898AE00E60055 /* CZBaseControl.m in Sources */,
				600C19151D6898AE00E60055 /* UIColor+CZAddition.m in Sources */,
				6010035C1D6B1C5B00EA1662 /* NSArray+MASAdditions.m in Sources */,
				600C18B91D68953A00E60055 /* AFURLRequestSerialization.m in Sources */,
				600C19141D6898AE00E60055 /* UIButton+CZAddition.m in Sources */,
				600C19111D6898AE00E60055 /* NSArray+Log.m in Sources */,
			);
			runOnlyForDeploymentPostprocessing = 0;
		};
/* End PBXSourcesBuildPhase section */

/* Begin PBXVariantGroup section */
		600FDB2F1D68874B0067FA6F /* Main.storyboard */ = {
			isa = PBXVariantGroup;
			children = (
				600FDB301D68874B0067FA6F /* Base */,
			);
			name = Main.storyboard;
			sourceTree = "<group>";
		};
		600FDB341D68874B0067FA6F /* LaunchScreen.storyboard */ = {
			isa = PBXVariantGroup;
			children = (
				600FDB351D68874B0067FA6F /* Base */,
			);
			name = LaunchScreen.storyboard;
			sourceTree = "<group>";
		};
/* End PBXVariantGroup section */

/* Begin XCBuildConfiguration section */
		600FDB381D68874B0067FA6F /* Debug */ = {
			isa = XCBuildConfiguration;
			buildSettings = {
				ALWAYS_SEARCH_USER_PATHS = NO;
				CLANG_ANALYZER_NONNULL = YES;
				CLANG_CXX_LANGUAGE_STANDARD = "gnu++0x";
				CLANG_CXX_LIBRARY = "libc++";
				CLANG_ENABLE_MODULES = YES;
				CLANG_ENABLE_OBJC_ARC = YES;
				CLANG_WARN_BOOL_CONVERSION = YES;
				CLANG_WARN_CONSTANT_CONVERSION = YES;
				CLANG_WARN_DIRECT_OBJC_ISA_USAGE = YES_ERROR;
				CLANG_WARN_EMPTY_BODY = YES;
				CLANG_WARN_ENUM_CONVERSION = YES;
				CLANG_WARN_INT_CONVERSION = YES;
				CLANG_WARN_OBJC_ROOT_CLASS = YES_ERROR;
				CLANG_WARN_UNREACHABLE_CODE = YES;
				CLANG_WARN__DUPLICATE_METHOD_MATCH = YES;
				"CODE_SIGN_IDENTITY[sdk=iphoneos*]" = "iPhone Developer";
				COPY_PHASE_STRIP = NO;
				DEBUG_INFORMATION_FORMAT = dwarf;
				ENABLE_STRICT_OBJC_MSGSEND = YES;
				ENABLE_TESTABILITY = YES;
				GCC_C_LANGUAGE_STANDARD = gnu99;
				GCC_DYNAMIC_NO_PIC = NO;
				GCC_NO_COMMON_BLOCKS = YES;
				GCC_OPTIMIZATION_LEVEL = 0;
				GCC_PREPROCESSOR_DEFINITIONS = (
					"DEBUG=1",
					"$(inherited)",
				);
				GCC_WARN_64_TO_32_BIT_CONVERSION = YES;
				GCC_WARN_ABOUT_RETURN_TYPE = YES_ERROR;
				GCC_WARN_UNDECLARED_SELECTOR = YES;
				GCC_WARN_UNINITIALIZED_AUTOS = YES_AGGRESSIVE;
				GCC_WARN_UNUSED_FUNCTION = YES;
				GCC_WARN_UNUSED_VARIABLE = YES;
				IPHONEOS_DEPLOYMENT_TARGET = 9.3;
				MTL_ENABLE_DEBUG_INFO = YES;
				ONLY_ACTIVE_ARCH = YES;
				SDKROOT = iphoneos;
			};
			name = Debug;
		};
		600FDB391D68874B0067FA6F /* Release */ = {
			isa = XCBuildConfiguration;
			buildSettings = {
				ALWAYS_SEARCH_USER_PATHS = NO;
				CLANG_ANALYZER_NONNULL = YES;
				CLANG_CXX_LANGUAGE_STANDARD = "gnu++0x";
				CLANG_CXX_LIBRARY = "libc++";
				CLANG_ENABLE_MODULES = YES;
				CLANG_ENABLE_OBJC_ARC = YES;
				CLANG_WARN_BOOL_CONVERSION = YES;
				CLANG_WARN_CONSTANT_CONVERSION = YES;
				CLANG_WARN_DIRECT_OBJC_ISA_USAGE = YES_ERROR;
				CLANG_WARN_EMPTY_BODY = YES;
				CLANG_WARN_ENUM_CONVERSION = YES;
				CLANG_WARN_INT_CONVERSION = YES;
				CLANG_WARN_OBJC_ROOT_CLASS = YES_ERROR;
				CLANG_WARN_UNREACHABLE_CODE = YES;
				CLANG_WARN__DUPLICATE_METHOD_MATCH = YES;
				"CODE_SIGN_IDENTITY[sdk=iphoneos*]" = "iPhone Developer";
				COPY_PHASE_STRIP = NO;
				DEBUG_INFORMATION_FORMAT = "dwarf-with-dsym";
				ENABLE_NS_ASSERTIONS = NO;
				ENABLE_STRICT_OBJC_MSGSEND = YES;
				GCC_C_LANGUAGE_STANDARD = gnu99;
				GCC_NO_COMMON_BLOCKS = YES;
				GCC_WARN_64_TO_32_BIT_CONVERSION = YES;
				GCC_WARN_ABOUT_RETURN_TYPE = YES_ERROR;
				GCC_WARN_UNDECLARED_SELECTOR = YES;
				GCC_WARN_UNINITIALIZED_AUTOS = YES_AGGRESSIVE;
				GCC_WARN_UNUSED_FUNCTION = YES;
				GCC_WARN_UNUSED_VARIABLE = YES;
				IPHONEOS_DEPLOYMENT_TARGET = 9.3;
				MTL_ENABLE_DEBUG_INFO = NO;
				SDKROOT = iphoneos;
				VALIDATE_PRODUCT = YES;
			};
			name = Release;
		};
		600FDB3B1D68874B0067FA6F /* Debug */ = {
			isa = XCBuildConfiguration;
			buildSettings = {
				ASSETCATALOG_COMPILER_APPICON_NAME = AppIcon;
				INFOPLIST_FILE = HMWebImage/Info.plist;
				LD_RUNPATH_SEARCH_PATHS = "$(inherited) @executable_path/Frameworks";
				PRODUCT_BUNDLE_IDENTIFIER = com.geduo.HMWebImage;
				PRODUCT_NAME = "$(TARGET_NAME)";
			};
			name = Debug;
		};
		600FDB3C1D68874B0067FA6F /* Release */ = {
			isa = XCBuildConfiguration;
			buildSettings = {
				ASSETCATALOG_COMPILER_APPICON_NAME = AppIcon;
				INFOPLIST_FILE = HMWebImage/Info.plist;
				LD_RUNPATH_SEARCH_PATHS = "$(inherited) @executable_path/Frameworks";
				PRODUCT_BUNDLE_IDENTIFIER = com.geduo.HMWebImage;
				PRODUCT_NAME = "$(TARGET_NAME)";
			};
			name = Release;
		};
/* End XCBuildConfiguration section */

/* Begin XCConfigurationList section */
		600FDB1E1D68874B0067FA6F /* Build configuration list for PBXProject "HMWebImage" */ = {
			isa = XCConfigurationList;
			buildConfigurations = (
				600FDB381D68874B0067FA6F /* Debug */,
				600FDB391D68874B0067FA6F /* Release */,
			);
			defaultConfigurationIsVisible = 0;
			defaultConfigurationName = Release;
		};
		600FDB3A1D68874B0067FA6F /* Build configuration list for PBXNativeTarget "HMWebImage" */ = {
			isa = XCConfigurationList;
			buildConfigurations = (
				600FDB3B1D68874B0067FA6F /* Debug */,
				600FDB3C1D68874B0067FA6F /* Release */,
			);
			defaultConfigurationIsVisible = 0;
			defaultConfigurationName = Release;
		};
/* End XCConfigurationList section */
	};
	rootObject = 600FDB1B1D68874B0067FA6F /* Project object */;
}
